
Microsoft Visual Studio Solution File, Format Version 12.00
# Visual Studio Version 17
VisualStudioVersion = 17.10.35027.167
MinimumVisualStudioVersion = 10.0.40219.1
Project("{FAE04EC0-301F-11D3-BF4B-00C04F79EFBC}") = "Interfaces2", "Interfaces2\Interfaces2.csproj", "{EB9DD0D1-4E90-49A6-AB31-3017CE1DA0E1}"
EndProject
Global
	GlobalSection(SolutionConfigurationPlatforms) = preSolution
		Debug|Any CPU = Debug|Any CPU
		Release|Any CPU = Release|Any CPU
	EndGlobalSection
	GlobalSection(ProjectConfigurationPlatforms) = postSolution
		{EB9DD0D1-4E90-49A6-AB31-3017CE1DA0E1}.Debug|Any CPU.ActiveCfg = Debug|Any CPU
		{EB9DD0D1-4E90-49A6-AB31-3017CE1DA0E1}.Debug|Any CPU.Build.0 = Debug|Any CPU
		{EB9DD0D1-4E90-49A6-AB31-3017CE1DA0E1}.Release|Any CPU.ActiveCfg = Release|Any CPU
		{EB9DD0D1-4E90-49A6-AB31-3017CE1DA0E1}.Release|Any CPU.Build.0 = Release|Any CPU
	EndGlobalSection
	GlobalSection(SolutionProperties) = preSolution
		HideSolutionNode = FALSE
	EndGlobalSection
	GlobalSection(ExtensibilityGlobals) = postSolution
		SolutionGuid = {3E7AB1B0-A655-4BED-A77E-EA92CDBD9693}
	EndGlobalSection
EndGlobal
